<?xml version="1.0" encoding="UTF-8"?>
<Project ToolsVersion="15.0" xmlns="http://schemas.microsoft.com/developer/msbuild/2003">
  <ItemGroup>
    <ClCompile Include="D:\openalpr-2.3.0\src\bindings\go\openalprgo.cpp">
      <Filter>Source Files</Filter>
    </ClCompile>
  </ItemGroup>
  <ItemGroup>
    <CustomBuild Include="D:\openalpr-2.3.0\src\bindings\go\CMakeLists.txt" />
  </ItemGroup>
  <ItemGroup>
    <Filter Include="Source Files">
      <UniqueIdentifier>{98DFB327-DB45-37C7-A71D-B77AAFEA126F}</UniqueIdentifier>
    </Filter>
  </ItemGroup>
</Project>
