Microsoft Visual Studio Solution File, Format Version 12.00
# Visual Studio 15
Project("{8BC9CEB8-8B4A-11D0-8D11-00A0C91BC942}") = "ALL_BUILD", "ALL_BUILD.vcxproj", "{EB743D06-CA96-3694-8EFA-595D2F251A60}"
	ProjectSection(ProjectDependencies) = postProject
		{38AB9DDD-5B7B-3AC9-B475-8A9C162C5F63} = {38AB9DDD-5B7B-3AC9-B475-8A9C162C5F63}
		{42A1B3C0-5B01-340A-A1AE-72A8C6699328} = {42A1B3C0-5B01-340A-A1AE-72A8C6699328}
		{39BA8366-2EB8-3D80-82CD-E53B70DE187D} = {39BA8366-2EB8-3D80-82CD-E53B70DE187D}
		{D404B394-230A-3FD1-9E96-E9B05ECAB34B} = {D404B394-230A-3FD1-9E96-E9B05ECAB34B}
		{5A2BD78F-AB30-3FCB-834C-32522818E21A} = {5A2BD78F-AB30-3FCB-834C-32522818E21A}
		{F0FD0CAE-5E87-315B-9B1C-B6B642E16116} = {F0FD0CAE-5E87-315B-9B1C-B6B642E16116}
		{3B0403D9-33E4-32E3-9439-1DB1977CECE7} = {3B0403D9-33E4-32E3-9439-1DB1977CECE7}
		{1FF6CB89-4F0C-33EC-A70D-7BCA07475BC4} = {1FF6CB89-4F0C-33EC-A70D-7BCA07475BC4}
		{9429E54F-76B3-3B19-90F6-BB18E31CFA7F} = {9429E54F-76B3-3B19-90F6-BB18E31CFA7F}
		{1121C89B-403E-374D-BE82-B58BE6C53613} = {1121C89B-403E-374D-BE82-B58BE6C53613}
		{E2C38D93-6DE6-3833-803C-D6F265FDC98C} = {E2C38D93-6DE6-3833-803C-D6F265FDC98C}
		{3514028D-9360-33E8-8AE3-F420422DCB74} = {3514028D-9360-33E8-8AE3-F420422DCB74}
		{69C229AD-6E47-3150-AFF6-CC6673B6A930} = {69C229AD-6E47-3150-AFF6-CC6673B6A930}
		{C0FDF49B-C982-376D-AD53-C83E79F5338D} = {C0FDF49B-C982-376D-AD53-C83E79F5338D}
		{74DCDA3C-8173-3052-A9E1-1AD92938E795} = {74DCDA3C-8173-3052-A9E1-1AD92938E795}
		{F1206EAE-8830-39F4-9F72-73FE5D8D5371} = {F1206EAE-8830-39F4-9F72-73FE5D8D5371}
	EndProjectSection
EndProject
Project("{8BC9CEB8-8B4A-11D0-8D11-00A0C91BC942}") = "INSTALL", "INSTALL.vcxproj", "{0B24B1CB-6C34-3C86-8AC0-CC32B582CC50}"
	ProjectSection(ProjectDependencies) = postProject
		{EB743D06-CA96-3694-8EFA-595D2F251A60} = {EB743D06-CA96-3694-8EFA-595D2F251A60}
		{38AB9DDD-5B7B-3AC9-B475-8A9C162C5F63} = {38AB9DDD-5B7B-3AC9-B475-8A9C162C5F63}
	EndProjectSection
EndProject
Project("{8BC9CEB8-8B4A-11D0-8D11-00A0C91BC942}") = "PACKAGE", "PACKAGE.vcxproj", "{45F945D7-94CF-330E-A1D4-C3F01EC68C1E}"
	ProjectSection(ProjectDependencies) = postProject
		{EB743D06-CA96-3694-8EFA-595D2F251A60} = {EB743D06-CA96-3694-8EFA-595D2F251A60}
		{38AB9DDD-5B7B-3AC9-B475-8A9C162C5F63} = {38AB9DDD-5B7B-3AC9-B475-8A9C162C5F63}
	EndProjectSection
EndProject
Project("{8BC9CEB8-8B4A-11D0-8D11-00A0C91BC942}") = "ZERO_CHECK", "ZERO_CHECK.vcxproj", "{38AB9DDD-5B7B-3AC9-B475-8A9C162C5F63}"
	ProjectSection(ProjectDependencies) = postProject
	EndProjectSection
EndProject
Project("{8BC9CEB8-8B4A-11D0-8D11-00A0C91BC942}") = "alpr", "alpr.vcxproj", "{42A1B3C0-5B01-340A-A1AE-72A8C6699328}"
	ProjectSection(ProjectDependencies) = postProject
		{38AB9DDD-5B7B-3AC9-B475-8A9C162C5F63} = {38AB9DDD-5B7B-3AC9-B475-8A9C162C5F63}
		{D404B394-230A-3FD1-9E96-E9B05ECAB34B} = {D404B394-230A-3FD1-9E96-E9B05ECAB34B}
		{74DCDA3C-8173-3052-A9E1-1AD92938E795} = {74DCDA3C-8173-3052-A9E1-1AD92938E795}
		{F1206EAE-8830-39F4-9F72-73FE5D8D5371} = {F1206EAE-8830-39F4-9F72-73FE5D8D5371}
	EndProjectSection
EndProject
Project("{8BC9CEB8-8B4A-11D0-8D11-00A0C91BC942}") = "openalpr", "openalpr\openalpr.vcxproj", "{39BA8366-2EB8-3D80-82CD-E53B70DE187D}"
	ProjectSection(ProjectDependencies) = postProject
		{38AB9DDD-5B7B-3AC9-B475-8A9C162C5F63} = {38AB9DDD-5B7B-3AC9-B475-8A9C162C5F63}
		{74DCDA3C-8173-3052-A9E1-1AD92938E795} = {74DCDA3C-8173-3052-A9E1-1AD92938E795}
	EndProjectSection
EndProject
Project("{8BC9CEB8-8B4A-11D0-8D11-00A0C91BC942}") = "openalpr-static", "openalpr\openalpr-static.vcxproj", "{D404B394-230A-3FD1-9E96-E9B05ECAB34B}"
	ProjectSection(ProjectDependencies) = postProject
		{38AB9DDD-5B7B-3AC9-B475-8A9C162C5F63} = {38AB9DDD-5B7B-3AC9-B475-8A9C162C5F63}
	EndProjectSection
EndProject
Project("{8BC9CEB8-8B4A-11D0-8D11-00A0C91BC942}") = "openalpr-utils-binarizefontsheet", "misc_utilities\openalpr-utils-binarizefontsheet.vcxproj", "{5A2BD78F-AB30-3FCB-834C-32522818E21A}"
	ProjectSection(ProjectDependencies) = postProject
		{38AB9DDD-5B7B-3AC9-B475-8A9C162C5F63} = {38AB9DDD-5B7B-3AC9-B475-8A9C162C5F63}
		{D404B394-230A-3FD1-9E96-E9B05ECAB34B} = {D404B394-230A-3FD1-9E96-E9B05ECAB34B}
		{74DCDA3C-8173-3052-A9E1-1AD92938E795} = {74DCDA3C-8173-3052-A9E1-1AD92938E795}
	EndProjectSection
EndProject
Project("{8BC9CEB8-8B4A-11D0-8D11-00A0C91BC942}") = "openalpr-utils-calibrate", "misc_utilities\openalpr-utils-calibrate.vcxproj", "{F0FD0CAE-5E87-315B-9B1C-B6B642E16116}"
	ProjectSection(ProjectDependencies) = postProject
		{38AB9DDD-5B7B-3AC9-B475-8A9C162C5F63} = {38AB9DDD-5B7B-3AC9-B475-8A9C162C5F63}
		{D404B394-230A-3FD1-9E96-E9B05ECAB34B} = {D404B394-230A-3FD1-9E96-E9B05ECAB34B}
		{74DCDA3C-8173-3052-A9E1-1AD92938E795} = {74DCDA3C-8173-3052-A9E1-1AD92938E795}
	EndProjectSection
EndProject
Project("{8BC9CEB8-8B4A-11D0-8D11-00A0C91BC942}") = "openalpr-utils-classifychars", "misc_utilities\openalpr-utils-classifychars.vcxproj", "{3B0403D9-33E4-32E3-9439-1DB1977CECE7}"
	ProjectSection(ProjectDependencies) = postProject
		{38AB9DDD-5B7B-3AC9-B475-8A9C162C5F63} = {38AB9DDD-5B7B-3AC9-B475-8A9C162C5F63}
		{D404B394-230A-3FD1-9E96-E9B05ECAB34B} = {D404B394-230A-3FD1-9E96-E9B05ECAB34B}
		{74DCDA3C-8173-3052-A9E1-1AD92938E795} = {74DCDA3C-8173-3052-A9E1-1AD92938E795}
	EndProjectSection
EndProject
Project("{8BC9CEB8-8B4A-11D0-8D11-00A0C91BC942}") = "openalpr-utils-prepcharsfortraining", "misc_utilities\openalpr-utils-prepcharsfortraining.vcxproj", "{1FF6CB89-4F0C-33EC-A70D-7BCA07475BC4}"
	ProjectSection(ProjectDependencies) = postProject
		{38AB9DDD-5B7B-3AC9-B475-8A9C162C5F63} = {38AB9DDD-5B7B-3AC9-B475-8A9C162C5F63}
		{74DCDA3C-8173-3052-A9E1-1AD92938E795} = {74DCDA3C-8173-3052-A9E1-1AD92938E795}
	EndProjectSection
EndProject
Project("{8BC9CEB8-8B4A-11D0-8D11-00A0C91BC942}") = "openalpr-utils-sortstate", "misc_utilities\openalpr-utils-sortstate.vcxproj", "{9429E54F-76B3-3B19-90F6-BB18E31CFA7F}"
	ProjectSection(ProjectDependencies) = postProject
		{38AB9DDD-5B7B-3AC9-B475-8A9C162C5F63} = {38AB9DDD-5B7B-3AC9-B475-8A9C162C5F63}
		{D404B394-230A-3FD1-9E96-E9B05ECAB34B} = {D404B394-230A-3FD1-9E96-E9B05ECAB34B}
		{74DCDA3C-8173-3052-A9E1-1AD92938E795} = {74DCDA3C-8173-3052-A9E1-1AD92938E795}
	EndProjectSection
EndProject
Project("{8BC9CEB8-8B4A-11D0-8D11-00A0C91BC942}") = "openalpr-utils-tagplates", "misc_utilities\openalpr-utils-tagplates.vcxproj", "{1121C89B-403E-374D-BE82-B58BE6C53613}"
	ProjectSection(ProjectDependencies) = postProject
		{38AB9DDD-5B7B-3AC9-B475-8A9C162C5F63} = {38AB9DDD-5B7B-3AC9-B475-8A9C162C5F63}
		{D404B394-230A-3FD1-9E96-E9B05ECAB34B} = {D404B394-230A-3FD1-9E96-E9B05ECAB34B}
		{74DCDA3C-8173-3052-A9E1-1AD92938E795} = {74DCDA3C-8173-3052-A9E1-1AD92938E795}
	EndProjectSection
EndProject
Project("{8BC9CEB8-8B4A-11D0-8D11-00A0C91BC942}") = "openalprgo", "bindings\go\openalprgo.vcxproj", "{E2C38D93-6DE6-3833-803C-D6F265FDC98C}"
	ProjectSection(ProjectDependencies) = postProject
		{38AB9DDD-5B7B-3AC9-B475-8A9C162C5F63} = {38AB9DDD-5B7B-3AC9-B475-8A9C162C5F63}
		{39BA8366-2EB8-3D80-82CD-E53B70DE187D} = {39BA8366-2EB8-3D80-82CD-E53B70DE187D}
		{74DCDA3C-8173-3052-A9E1-1AD92938E795} = {74DCDA3C-8173-3052-A9E1-1AD92938E795}
	EndProjectSection
EndProject
Project("{8BC9CEB8-8B4A-11D0-8D11-00A0C91BC942}") = "openalprjni", "bindings\java\openalprjni.vcxproj", "{3514028D-9360-33E8-8AE3-F420422DCB74}"
	ProjectSection(ProjectDependencies) = postProject
		{38AB9DDD-5B7B-3AC9-B475-8A9C162C5F63} = {38AB9DDD-5B7B-3AC9-B475-8A9C162C5F63}
		{39BA8366-2EB8-3D80-82CD-E53B70DE187D} = {39BA8366-2EB8-3D80-82CD-E53B70DE187D}
		{74DCDA3C-8173-3052-A9E1-1AD92938E795} = {74DCDA3C-8173-3052-A9E1-1AD92938E795}
	EndProjectSection
EndProject
Project("{8BC9CEB8-8B4A-11D0-8D11-00A0C91BC942}") = "openalprpy", "bindings\python\openalprpy.vcxproj", "{69C229AD-6E47-3150-AFF6-CC6673B6A930}"
	ProjectSection(ProjectDependencies) = postProject
		{38AB9DDD-5B7B-3AC9-B475-8A9C162C5F63} = {38AB9DDD-5B7B-3AC9-B475-8A9C162C5F63}
		{39BA8366-2EB8-3D80-82CD-E53B70DE187D} = {39BA8366-2EB8-3D80-82CD-E53B70DE187D}
		{74DCDA3C-8173-3052-A9E1-1AD92938E795} = {74DCDA3C-8173-3052-A9E1-1AD92938E795}
	EndProjectSection
EndProject
Project("{8BC9CEB8-8B4A-11D0-8D11-00A0C91BC942}") = "simpleini", "openalpr\simpleini\simpleini.vcxproj", "{C0FDF49B-C982-376D-AD53-C83E79F5338D}"
	ProjectSection(ProjectDependencies) = postProject
		{38AB9DDD-5B7B-3AC9-B475-8A9C162C5F63} = {38AB9DDD-5B7B-3AC9-B475-8A9C162C5F63}
	EndProjectSection
EndProject
Project("{8BC9CEB8-8B4A-11D0-8D11-00A0C91BC942}") = "support", "openalpr\support\support.vcxproj", "{74DCDA3C-8173-3052-A9E1-1AD92938E795}"
	ProjectSection(ProjectDependencies) = postProject
		{38AB9DDD-5B7B-3AC9-B475-8A9C162C5F63} = {38AB9DDD-5B7B-3AC9-B475-8A9C162C5F63}
	EndProjectSection
EndProject
Project("{8BC9CEB8-8B4A-11D0-8D11-00A0C91BC942}") = "uninstall", "uninstall.vcxproj", "{FD333333-22F4-3EE8-AD9C-7683357ACEC6}"
	ProjectSection(ProjectDependencies) = postProject
		{38AB9DDD-5B7B-3AC9-B475-8A9C162C5F63} = {38AB9DDD-5B7B-3AC9-B475-8A9C162C5F63}
	EndProjectSection
EndProject
Project("{8BC9CEB8-8B4A-11D0-8D11-00A0C91BC942}") = "video", "video\video.vcxproj", "{F1206EAE-8830-39F4-9F72-73FE5D8D5371}"
	ProjectSection(ProjectDependencies) = postProject
		{38AB9DDD-5B7B-3AC9-B475-8A9C162C5F63} = {38AB9DDD-5B7B-3AC9-B475-8A9C162C5F63}
		{74DCDA3C-8173-3052-A9E1-1AD92938E795} = {74DCDA3C-8173-3052-A9E1-1AD92938E795}
	EndProjectSection
EndProject
Global
	GlobalSection(SolutionConfigurationPlatforms) = preSolution
		Debug|x64 = Debug|x64
		Release|x64 = Release|x64
		MinSizeRel|x64 = MinSizeRel|x64
		RelWithDebInfo|x64 = RelWithDebInfo|x64
	EndGlobalSection
	GlobalSection(ProjectConfigurationPlatforms) = postSolution
		{EB743D06-CA96-3694-8EFA-595D2F251A60}.Debug|x64.ActiveCfg = Debug|x64
		{EB743D06-CA96-3694-8EFA-595D2F251A60}.Debug|x64.Build.0 = Debug|x64
		{EB743D06-CA96-3694-8EFA-595D2F251A60}.Release|x64.ActiveCfg = Release|x64
		{EB743D06-CA96-3694-8EFA-595D2F251A60}.Release|x64.Build.0 = Release|x64
		{EB743D06-CA96-3694-8EFA-595D2F251A60}.MinSizeRel|x64.ActiveCfg = MinSizeRel|x64
		{EB743D06-CA96-3694-8EFA-595D2F251A60}.MinSizeRel|x64.Build.0 = MinSizeRel|x64
		{EB743D06-CA96-3694-8EFA-595D2F251A60}.RelWithDebInfo|x64.ActiveCfg = RelWithDebInfo|x64
		{EB743D06-CA96-3694-8EFA-595D2F251A60}.RelWithDebInfo|x64.Build.0 = RelWithDebInfo|x64
		{0B24B1CB-6C34-3C86-8AC0-CC32B582CC50}.Debug|x64.ActiveCfg = Debug|x64
		{0B24B1CB-6C34-3C86-8AC0-CC32B582CC50}.Release|x64.ActiveCfg = Release|x64
		{0B24B1CB-6C34-3C86-8AC0-CC32B582CC50}.MinSizeRel|x64.ActiveCfg = MinSizeRel|x64
		{0B24B1CB-6C34-3C86-8AC0-CC32B582CC50}.RelWithDebInfo|x64.ActiveCfg = RelWithDebInfo|x64
		{45F945D7-94CF-330E-A1D4-C3F01EC68C1E}.Debug|x64.ActiveCfg = Debug|x64
		{45F945D7-94CF-330E-A1D4-C3F01EC68C1E}.Release|x64.ActiveCfg = Release|x64
		{45F945D7-94CF-330E-A1D4-C3F01EC68C1E}.MinSizeRel|x64.ActiveCfg = MinSizeRel|x64
		{45F945D7-94CF-330E-A1D4-C3F01EC68C1E}.RelWithDebInfo|x64.ActiveCfg = RelWithDebInfo|x64
		{38AB9DDD-5B7B-3AC9-B475-8A9C162C5F63}.Debug|x64.ActiveCfg = Debug|x64
		{38AB9DDD-5B7B-3AC9-B475-8A9C162C5F63}.Debug|x64.Build.0 = Debug|x64
		{38AB9DDD-5B7B-3AC9-B475-8A9C162C5F63}.Release|x64.ActiveCfg = Release|x64
		{38AB9DDD-5B7B-3AC9-B475-8A9C162C5F63}.Release|x64.Build.0 = Release|x64
		{38AB9DDD-5B7B-3AC9-B475-8A9C162C5F63}.MinSizeRel|x64.ActiveCfg = MinSizeRel|x64
		{38AB9DDD-5B7B-3AC9-B475-8A9C162C5F63}.MinSizeRel|x64.Build.0 = MinSizeRel|x64
		{38AB9DDD-5B7B-3AC9-B475-8A9C162C5F63}.RelWithDebInfo|x64.ActiveCfg = RelWithDebInfo|x64
		{38AB9DDD-5B7B-3AC9-B475-8A9C162C5F63}.RelWithDebInfo|x64.Build.0 = RelWithDebInfo|x64
		{42A1B3C0-5B01-340A-A1AE-72A8C6699328}.Debug|x64.ActiveCfg = Debug|x64
		{42A1B3C0-5B01-340A-A1AE-72A8C6699328}.Debug|x64.Build.0 = Debug|x64
		{42A1B3C0-5B01-340A-A1AE-72A8C6699328}.Release|x64.ActiveCfg = Release|x64
		{42A1B3C0-5B01-340A-A1AE-72A8C6699328}.Release|x64.Build.0 = Release|x64
		{42A1B3C0-5B01-340A-A1AE-72A8C6699328}.MinSizeRel|x64.ActiveCfg = MinSizeRel|x64
		{42A1B3C0-5B01-340A-A1AE-72A8C6699328}.MinSizeRel|x64.Build.0 = MinSizeRel|x64
		{42A1B3C0-5B01-340A-A1AE-72A8C6699328}.RelWithDebInfo|x64.ActiveCfg = RelWithDebInfo|x64
		{42A1B3C0-5B01-340A-A1AE-72A8C6699328}.RelWithDebInfo|x64.Build.0 = RelWithDebInfo|x64
		{39BA8366-2EB8-3D80-82CD-E53B70DE187D}.Debug|x64.ActiveCfg = Debug|x64
		{39BA8366-2EB8-3D80-82CD-E53B70DE187D}.Debug|x64.Build.0 = Debug|x64
		{39BA8366-2EB8-3D80-82CD-E53B70DE187D}.Release|x64.ActiveCfg = Release|x64
		{39BA8366-2EB8-3D80-82CD-E53B70DE187D}.Release|x64.Build.0 = Release|x64
		{39BA8366-2EB8-3D80-82CD-E53B70DE187D}.MinSizeRel|x64.ActiveCfg = MinSizeRel|x64
		{39BA8366-2EB8-3D80-82CD-E53B70DE187D}.MinSizeRel|x64.Build.0 = MinSizeRel|x64
		{39BA8366-2EB8-3D80-82CD-E53B70DE187D}.RelWithDebInfo|x64.ActiveCfg = RelWithDebInfo|x64
		{39BA8366-2EB8-3D80-82CD-E53B70DE187D}.RelWithDebInfo|x64.Build.0 = RelWithDebInfo|x64
		{D404B394-230A-3FD1-9E96-E9B05ECAB34B}.Debug|x64.ActiveCfg = Debug|x64
		{D404B394-230A-3FD1-9E96-E9B05ECAB34B}.Debug|x64.Build.0 = Debug|x64
		{D404B394-230A-3FD1-9E96-E9B05ECAB34B}.Release|x64.ActiveCfg = Release|x64
		{D404B394-230A-3FD1-9E96-E9B05ECAB34B}.Release|x64.Build.0 = Release|x64
		{D404B394-230A-3FD1-9E96-E9B05ECAB34B}.MinSizeRel|x64.ActiveCfg = MinSizeRel|x64
		{D404B394-230A-3FD1-9E96-E9B05ECAB34B}.MinSizeRel|x64.Build.0 = MinSizeRel|x64
		{D404B394-230A-3FD1-9E96-E9B05ECAB34B}.RelWithDebInfo|x64.ActiveCfg = RelWithDebInfo|x64
		{D404B394-230A-3FD1-9E96-E9B05ECAB34B}.RelWithDebInfo|x64.Build.0 = RelWithDebInfo|x64
		{5A2BD78F-AB30-3FCB-834C-32522818E21A}.Debug|x64.ActiveCfg = Debug|x64
		{5A2BD78F-AB30-3FCB-834C-32522818E21A}.Debug|x64.Build.0 = Debug|x64
		{5A2BD78F-AB30-3FCB-834C-32522818E21A}.Release|x64.ActiveCfg = Release|x64
		{5A2BD78F-AB30-3FCB-834C-32522818E21A}.Release|x64.Build.0 = Release|x64
		{5A2BD78F-AB30-3FCB-834C-32522818E21A}.MinSizeRel|x64.ActiveCfg = MinSizeRel|x64
		{5A2BD78F-AB30-3FCB-834C-32522818E21A}.MinSizeRel|x64.Build.0 = MinSizeRel|x64
		{5A2BD78F-AB30-3FCB-834C-32522818E21A}.RelWithDebInfo|x64.ActiveCfg = RelWithDebInfo|x64
		{5A2BD78F-AB30-3FCB-834C-32522818E21A}.RelWithDebInfo|x64.Build.0 = RelWithDebInfo|x64
		{F0FD0CAE-5E87-315B-9B1C-B6B642E16116}.Debug|x64.ActiveCfg = Debug|x64
		{F0FD0CAE-5E87-315B-9B1C-B6B642E16116}.Debug|x64.Build.0 = Debug|x64
		{F0FD0CAE-5E87-315B-9B1C-B6B642E16116}.Release|x64.ActiveCfg = Release|x64
		{F0FD0CAE-5E87-315B-9B1C-B6B642E16116}.Release|x64.Build.0 = Release|x64
		{F0FD0CAE-5E87-315B-9B1C-B6B642E16116}.MinSizeRel|x64.ActiveCfg = MinSizeRel|x64
		{F0FD0CAE-5E87-315B-9B1C-B6B642E16116}.MinSizeRel|x64.Build.0 = MinSizeRel|x64
		{F0FD0CAE-5E87-315B-9B1C-B6B642E16116}.RelWithDebInfo|x64.ActiveCfg = RelWithDebInfo|x64
		{F0FD0CAE-5E87-315B-9B1C-B6B642E16116}.RelWithDebInfo|x64.Build.0 = RelWithDebInfo|x64
		{3B0403D9-33E4-32E3-9439-1DB1977CECE7}.Debug|x64.ActiveCfg = Debug|x64
		{3B0403D9-33E4-32E3-9439-1DB1977CECE7}.Debug|x64.Build.0 = Debug|x64
		{3B0403D9-33E4-32E3-9439-1DB1977CECE7}.Release|x64.ActiveCfg = Release|x64
		{3B0403D9-33E4-32E3-9439-1DB1977CECE7}.Release|x64.Build.0 = Release|x64
		{3B0403D9-33E4-32E3-9439-1DB1977CECE7}.MinSizeRel|x64.ActiveCfg = MinSizeRel|x64
		{3B0403D9-33E4-32E3-9439-1DB1977CECE7}.MinSizeRel|x64.Build.0 = MinSizeRel|x64
		{3B0403D9-33E4-32E3-9439-1DB1977CECE7}.RelWithDebInfo|x64.ActiveCfg = RelWithDebInfo|x64
		{3B0403D9-33E4-32E3-9439-1DB1977CECE7}.RelWithDebInfo|x64.Build.0 = RelWithDebInfo|x64
		{1FF6CB89-4F0C-33EC-A70D-7BCA07475BC4}.Debug|x64.ActiveCfg = Debug|x64
		{1FF6CB89-4F0C-33EC-A70D-7BCA07475BC4}.Debug|x64.Build.0 = Debug|x64
		{1FF6CB89-4F0C-33EC-A70D-7BCA07475BC4}.Release|x64.ActiveCfg = Release|x64
		{1FF6CB89-4F0C-33EC-A70D-7BCA07475BC4}.Release|x64.Build.0 = Release|x64
		{1FF6CB89-4F0C-33EC-A70D-7BCA07475BC4}.MinSizeRel|x64.ActiveCfg = MinSizeRel|x64
		{1FF6CB89-4F0C-33EC-A70D-7BCA07475BC4}.MinSizeRel|x64.Build.0 = MinSizeRel|x64
		{1FF6CB89-4F0C-33EC-A70D-7BCA07475BC4}.RelWithDebInfo|x64.ActiveCfg = RelWithDebInfo|x64
		{1FF6CB89-4F0C-33EC-A70D-7BCA07475BC4}.RelWithDebInfo|x64.Build.0 = RelWithDebInfo|x64
		{9429E54F-76B3-3B19-90F6-BB18E31CFA7F}.Debug|x64.ActiveCfg = Debug|x64
		{9429E54F-76B3-3B19-90F6-BB18E31CFA7F}.Debug|x64.Build.0 = Debug|x64
		{9429E54F-76B3-3B19-90F6-BB18E31CFA7F}.Release|x64.ActiveCfg = Release|x64
		{9429E54F-76B3-3B19-90F6-BB18E31CFA7F}.Release|x64.Build.0 = Release|x64
		{9429E54F-76B3-3B19-90F6-BB18E31CFA7F}.MinSizeRel|x64.ActiveCfg = MinSizeRel|x64
		{9429E54F-76B3-3B19-90F6-BB18E31CFA7F}.MinSizeRel|x64.Build.0 = MinSizeRel|x64
		{9429E54F-76B3-3B19-90F6-BB18E31CFA7F}.RelWithDebInfo|x64.ActiveCfg = RelWithDebInfo|x64
		{9429E54F-76B3-3B19-90F6-BB18E31CFA7F}.RelWithDebInfo|x64.Build.0 = RelWithDebInfo|x64
		{1121C89B-403E-374D-BE82-B58BE6C53613}.Debug|x64.ActiveCfg = Debug|x64
		{1121C89B-403E-374D-BE82-B58BE6C53613}.Debug|x64.Build.0 = Debug|x64
		{1121C89B-403E-374D-BE82-B58BE6C53613}.Release|x64.ActiveCfg = Release|x64
		{1121C89B-403E-374D-BE82-B58BE6C53613}.Release|x64.Build.0 = Release|x64
		{1121C89B-403E-374D-BE82-B58BE6C53613}.MinSizeRel|x64.ActiveCfg = MinSizeRel|x64
		{1121C89B-403E-374D-BE82-B58BE6C53613}.MinSizeRel|x64.Build.0 = MinSizeRel|x64
		{1121C89B-403E-374D-BE82-B58BE6C53613}.RelWithDebInfo|x64.ActiveCfg = RelWithDebInfo|x64
		{1121C89B-403E-374D-BE82-B58BE6C53613}.RelWithDebInfo|x64.Build.0 = RelWithDebInfo|x64
		{E2C38D93-6DE6-3833-803C-D6F265FDC98C}.Debug|x64.ActiveCfg = Debug|x64
		{E2C38D93-6DE6-3833-803C-D6F265FDC98C}.Debug|x64.Build.0 = Debug|x64
		{E2C38D93-6DE6-3833-803C-D6F265FDC98C}.Release|x64.ActiveCfg = Release|x64
		{E2C38D93-6DE6-3833-803C-D6F265FDC98C}.Release|x64.Build.0 = Release|x64
		{E2C38D93-6DE6-3833-803C-D6F265FDC98C}.MinSizeRel|x64.ActiveCfg = MinSizeRel|x64
		{E2C38D93-6DE6-3833-803C-D6F265FDC98C}.MinSizeRel|x64.Build.0 = MinSizeRel|x64
		{E2C38D93-6DE6-3833-803C-D6F265FDC98C}.RelWithDebInfo|x64.ActiveCfg = RelWithDebInfo|x64
		{E2C38D93-6DE6-3833-803C-D6F265FDC98C}.RelWithDebInfo|x64.Build.0 = RelWithDebInfo|x64
		{3514028D-9360-33E8-8AE3-F420422DCB74}.Debug|x64.ActiveCfg = Debug|x64
		{3514028D-9360-33E8-8AE3-F420422DCB74}.Debug|x64.Build.0 = Debug|x64
		{3514028D-9360-33E8-8AE3-F420422DCB74}.Release|x64.ActiveCfg = Release|x64
		{3514028D-9360-33E8-8AE3-F420422DCB74}.Release|x64.Build.0 = Release|x64
		{3514028D-9360-33E8-8AE3-F420422DCB74}.MinSizeRel|x64.ActiveCfg = MinSizeRel|x64
		{3514028D-9360-33E8-8AE3-F420422DCB74}.MinSizeRel|x64.Build.0 = MinSizeRel|x64
		{3514028D-9360-33E8-8AE3-F420422DCB74}.RelWithDebInfo|x64.ActiveCfg = RelWithDebInfo|x64
		{3514028D-9360-33E8-8AE3-F420422DCB74}.RelWithDebInfo|x64.Build.0 = RelWithDebInfo|x64
		{69C229AD-6E47-3150-AFF6-CC6673B6A930}.Debug|x64.ActiveCfg = Debug|x64
		{69C229AD-6E47-3150-AFF6-CC6673B6A930}.Debug|x64.Build.0 = Debug|x64
		{69C229AD-6E47-3150-AFF6-CC6673B6A930}.Release|x64.ActiveCfg = Release|x64
		{69C229AD-6E47-3150-AFF6-CC6673B6A930}.Release|x64.Build.0 = Release|x64
		{69C229AD-6E47-3150-AFF6-CC6673B6A930}.MinSizeRel|x64.ActiveCfg = MinSizeRel|x64
		{69C229AD-6E47-3150-AFF6-CC6673B6A930}.MinSizeRel|x64.Build.0 = MinSizeRel|x64
		{69C229AD-6E47-3150-AFF6-CC6673B6A930}.RelWithDebInfo|x64.ActiveCfg = RelWithDebInfo|x64
		{69C229AD-6E47-3150-AFF6-CC6673B6A930}.RelWithDebInfo|x64.Build.0 = RelWithDebInfo|x64
		{C0FDF49B-C982-376D-AD53-C83E79F5338D}.Debug|x64.ActiveCfg = Debug|x64
		{C0FDF49B-C982-376D-AD53-C83E79F5338D}.Debug|x64.Build.0 = Debug|x64
		{C0FDF49B-C982-376D-AD53-C83E79F5338D}.Release|x64.ActiveCfg = Release|x64
		{C0FDF49B-C982-376D-AD53-C83E79F5338D}.Release|x64.Build.0 = Release|x64
		{C0FDF49B-C982-376D-AD53-C83E79F5338D}.MinSizeRel|x64.ActiveCfg = MinSizeRel|x64
		{C0FDF49B-C982-376D-AD53-C83E79F5338D}.MinSizeRel|x64.Build.0 = MinSizeRel|x64
		{C0FDF49B-C982-376D-AD53-C83E79F5338D}.RelWithDebInfo|x64.ActiveCfg = RelWithDebInfo|x64
		{C0FDF49B-C982-376D-AD53-C83E79F5338D}.RelWithDebInfo|x64.Build.0 = RelWithDebInfo|x64
		{74DCDA3C-8173-3052-A9E1-1AD92938E795}.Debug|x64.ActiveCfg = Debug|x64
		{74DCDA3C-8173-3052-A9E1-1AD92938E795}.Debug|x64.Build.0 = Debug|x64
		{74DCDA3C-8173-3052-A9E1-1AD92938E795}.Release|x64.ActiveCfg = Release|x64
		{74DCDA3C-8173-3052-A9E1-1AD92938E795}.Release|x64.Build.0 = Release|x64
		{74DCDA3C-8173-3052-A9E1-1AD92938E795}.MinSizeRel|x64.ActiveCfg = MinSizeRel|x64
		{74DCDA3C-8173-3052-A9E1-1AD92938E795}.MinSizeRel|x64.Build.0 = MinSizeRel|x64
		{74DCDA3C-8173-3052-A9E1-1AD92938E795}.RelWithDebInfo|x64.ActiveCfg = RelWithDebInfo|x64
		{74DCDA3C-8173-3052-A9E1-1AD92938E795}.RelWithDebInfo|x64.Build.0 = RelWithDebInfo|x64
		{FD333333-22F4-3EE8-AD9C-7683357ACEC6}.Debug|x64.ActiveCfg = Debug|x64
		{FD333333-22F4-3EE8-AD9C-7683357ACEC6}.Release|x64.ActiveCfg = Release|x64
		{FD333333-22F4-3EE8-AD9C-7683357ACEC6}.MinSizeRel|x64.ActiveCfg = MinSizeRel|x64
		{FD333333-22F4-3EE8-AD9C-7683357ACEC6}.RelWithDebInfo|x64.ActiveCfg = RelWithDebInfo|x64
		{F1206EAE-8830-39F4-9F72-73FE5D8D5371}.Debug|x64.ActiveCfg = Debug|x64
		{F1206EAE-8830-39F4-9F72-73FE5D8D5371}.Debug|x64.Build.0 = Debug|x64
		{F1206EAE-8830-39F4-9F72-73FE5D8D5371}.Release|x64.ActiveCfg = Release|x64
		{F1206EAE-8830-39F4-9F72-73FE5D8D5371}.Release|x64.Build.0 = Release|x64
		{F1206EAE-8830-39F4-9F72-73FE5D8D5371}.MinSizeRel|x64.ActiveCfg = MinSizeRel|x64
		{F1206EAE-8830-39F4-9F72-73FE5D8D5371}.MinSizeRel|x64.Build.0 = MinSizeRel|x64
		{F1206EAE-8830-39F4-9F72-73FE5D8D5371}.RelWithDebInfo|x64.ActiveCfg = RelWithDebInfo|x64
		{F1206EAE-8830-39F4-9F72-73FE5D8D5371}.RelWithDebInfo|x64.Build.0 = RelWithDebInfo|x64
	EndGlobalSection
	GlobalSection(ExtensibilityGlobals) = postSolution
	EndGlobalSection
	GlobalSection(ExtensibilityAddIns) = postSolution
	EndGlobalSection
EndGlobal
