<?xml version="1.0" encoding="UTF-8"?>
<Project ToolsVersion="15.0" xmlns="http://schemas.microsoft.com/developer/msbuild/2003">
  <ItemGroup>
    <CustomBuild Include="D:\openalpr-2.3.0\src\win64\CMakeFiles\f2d2901c753fbf3a93b82f96f2f6ec35\INSTALL_force.rule">
      <Filter>CMake Rules</Filter>
    </CustomBuild>
  </ItemGroup>
  <ItemGroup>
    <Filter Include="CMake Rules">
      <UniqueIdentifier>{94ECB592-2F86-35B2-9D28-088773B965EE}</UniqueIdentifier>
    </Filter>
  </ItemGroup>
</Project>
